// !$*UTF8*$!
{
	archiveVersion = 1;
	classes = {
	};
	objectVersion = 77;
	objects = {

/* Begin PBXBuildFile section */
		0508AA3AD34B5B7F16FBB910 /* AppPaths.swift in Sources */ = {isa = PBXBuildFile; fileRef = 6CFABB67A94EF726CFDFCF7F /* AppPaths.swift */; };
		10047C9EAC3E464410372895 /* ConfigLoader.swift in Sources */ = {isa = PBXBuildFile; fileRef = 99973B3BA21E360711036472 /* ConfigLoader.swift */; };
		1834D30127FF381FC28D53DC /* HistoryWindowController.swift in Sources */ = {isa = PBXBuildFile; fileRef = F546DA52F75C953D3F36B768 /* HistoryWindowController.swift */; };
		1A9796A4DF21921B067A5A3B /* ExecutionRecordTests.swift in Sources */ = {isa = PBXBuildFile; fileRef = 14B1163230FFB666809580CC /* ExecutionRecordTests.swift */; };
		24723446D3CADA6C75F0B43D /* KeyboardShortcuts in Frameworks */ = {isa = PBXBuildFile; productRef = 3B44509A4F11363AFC888068 /* KeyboardShortcuts */; };
		34242EFEEF319491EA6847FF /* HistoryView.swift in Sources */ = {isa = PBXBuildFile; fileRef = 0ACB75E92D607A4CB1C6BD53 /* HistoryView.swift */; };
		3D939FF72F75C956D43DEE07 /* SettingsWindowController.swift in Sources */ = {isa = PBXBuildFile; fileRef = 67649DC5E0CED941426BB035 /* SettingsWindowController.swift */; };
		4620815E69194E31AF02D7E2 /* CommandsListView.swift in Sources */ = {isa = PBXBuildFile; fileRef = 7D7D61090F4A463C8D90AE55 /* CommandsListView.swift */; };
		4E7960412E10FDE32E7762B3 /* CommandPaletteView.swift in Sources */ = {isa = PBXBuildFile; fileRef = 9D936954E3895BD37AB2FE75 /* CommandPaletteView.swift */; };
		4FA76398E7543DC8C7A378F3 /* HighlightedText.swift in Sources */ = {isa = PBXBuildFile; fileRef = 68D4E51EE67D0C67807855CA /* HighlightedText.swift */; };
		52C1561C6863C55D7B5328C5 /* InputSourceHelper.swift in Sources */ = {isa = PBXBuildFile; fileRef = 62F367700CD9756382417EE8 /* InputSourceHelper.swift */; };
		7AF95E66E1C2749EFCBE5551 /* CommandEditorView.swift in Sources */ = {isa = PBXBuildFile; fileRef = 3EE107B13A523C46A2B7B779 /* CommandEditorView.swift */; };
		81EA2202F22F926C4EB31B25 /* CommandTests.swift in Sources */ = {isa = PBXBuildFile; fileRef = 3B0A1B3CD55B63263017DFD5 /* CommandTests.swift */; };
		987FBD5785566A83D8B0882F /* CommandExecutor.swift in Sources */ = {isa = PBXBuildFile; fileRef = CBC6C4FAB6EA65A46AA471A0 /* CommandExecutor.swift */; };
		B1FC38E32260E4789659A31D /* MenuBarExecutorApp.swift in Sources */ = {isa = PBXBuildFile; fileRef = 376A98A5A89A0ADF45CB6F30 /* MenuBarExecutorApp.swift */; };
		B614A36B06485096DBC7DE0B /* Command.swift in Sources */ = {isa = PBXBuildFile; fileRef = DD2C2235CB8A5EC42862D834 /* Command.swift */; };
		BF513E193E6B126A875A131F /* CommandsManager.swift in Sources */ = {isa = PBXBuildFile; fileRef = 1F375BA81AAC5D1C6B2CC03D /* CommandsManager.swift */; };
		C2ACF1981CEF875D2EC88FD2 /* AppError.swift in Sources */ = {isa = PBXBuildFile; fileRef = 574EACA6D883D60B0B87F178 /* AppError.swift */; };
		C2DEC26C4ACFBA909E239F2E /* CommandPaletteWindowController.swift in Sources */ = {isa = PBXBuildFile; fileRef = 7D8F92FA63F5937750E9C003 /* CommandPaletteWindowController.swift */; };
		C864C0D2A80F7C24295438DC /* ExecutionHistory.swift in Sources */ = {isa = PBXBuildFile; fileRef = C2AD11CD9100101B40D6639E /* ExecutionHistory.swift */; };
		C8A01FDEC4ADE8CCC3C28302 /* AppDelegate.swift in Sources */ = {isa = PBXBuildFile; fileRef = F8BCC47786F8B40FFC7101D4 /* AppDelegate.swift */; };
		CD6A6BD24AB0C55D28CD9779 /* Assets.xcassets in Resources */ = {isa = PBXBuildFile; fileRef = 9FB859C1EEB745C249C5457E /* Assets.xcassets */; };
		D469D296671EB4CE39A95B82 /* AppSettings.swift in Sources */ = {isa = PBXBuildFile; fileRef = 6BEF0C2CBF810F2B83BDF275 /* AppSettings.swift */; };
		D8B8CDDCF471BD4691C5B774 /* NotificationManager.swift in Sources */ = {isa = PBXBuildFile; fileRef = CBB51205F4901BA6B86D689A /* NotificationManager.swift */; };
		F08E0469B2C6301EEBB84F9B /* StringExtensions.swift in Sources */ = {isa = PBXBuildFile; fileRef = ED99260826BDCB59EAABC110 /* StringExtensions.swift */; };
/* End PBXBuildFile section */

/* Begin PBXContainerItemProxy section */
		5BB99D6B73760EE93B33D37E /* PBXContainerItemProxy */ = {
			isa = PBXContainerItemProxy;
			containerPortal = 4084B6A8BAC6261E3C703B68 /* Project object */;
			proxyType = 1;
			remoteGlobalIDString = 81A320F252B03D17AE2391E4;
			remoteInfo = MenuBarExecutor;
		};
/* End PBXContainerItemProxy section */

/* Begin PBXFileReference section */
		0ACB75E92D607A4CB1C6BD53 /* HistoryView.swift */ = {isa = PBXFileReference; lastKnownFileType = sourcecode.swift; path = HistoryView.swift; sourceTree = "<group>"; };
		14B1163230FFB666809580CC /* ExecutionRecordTests.swift */ = {isa = PBXFileReference; lastKnownFileType = sourcecode.swift; path = ExecutionRecordTests.swift; sourceTree = "<group>"; };
		1F375BA81AAC5D1C6B2CC03D /* CommandsManager.swift */ = {isa = PBXFileReference; lastKnownFileType = sourcecode.swift; path = CommandsManager.swift; sourceTree = "<group>"; };
		376A98A5A89A0ADF45CB6F30 /* MenuBarExecutorApp.swift */ = {isa = PBXFileReference; lastKnownFileType = sourcecode.swift; path = MenuBarExecutorApp.swift; sourceTree = "<group>"; };
		3B0A1B3CD55B63263017DFD5 /* CommandTests.swift */ = {isa = PBXFileReference; lastKnownFileType = sourcecode.swift; path = CommandTests.swift; sourceTree = "<group>"; };
		3EE107B13A523C46A2B7B779 /* CommandEditorView.swift */ = {isa = PBXFileReference; lastKnownFileType = sourcecode.swift; path = CommandEditorView.swift; sourceTree = "<group>"; };
		574EACA6D883D60B0B87F178 /* AppError.swift */ = {isa = PBXFileReference; lastKnownFileType = sourcecode.swift; path = AppError.swift; sourceTree = "<group>"; };
		62F367700CD9756382417EE8 /* InputSourceHelper.swift */ = {isa = PBXFileReference; lastKnownFileType = sourcecode.swift; path = InputSourceHelper.swift; sourceTree = "<group>"; };
		67649DC5E0CED941426BB035 /* SettingsWindowController.swift */ = {isa = PBXFileReference; lastKnownFileType = sourcecode.swift; path = SettingsWindowController.swift; sourceTree = "<group>"; };
		68D4E51EE67D0C67807855CA /* HighlightedText.swift */ = {isa = PBXFileReference; lastKnownFileType = sourcecode.swift; path = HighlightedText.swift; sourceTree = "<group>"; };
		6BEF0C2CBF810F2B83BDF275 /* AppSettings.swift */ = {isa = PBXFileReference; lastKnownFileType = sourcecode.swift; path = AppSettings.swift; sourceTree = "<group>"; };
		6CFABB67A94EF726CFDFCF7F /* AppPaths.swift */ = {isa = PBXFileReference; lastKnownFileType = sourcecode.swift; path = AppPaths.swift; sourceTree = "<group>"; };
		7D7D61090F4A463C8D90AE55 /* CommandsListView.swift */ = {isa = PBXFileReference; lastKnownFileType = sourcecode.swift; path = CommandsListView.swift; sourceTree = "<group>"; };
		7D8F92FA63F5937750E9C003 /* CommandPaletteWindowController.swift */ = {isa = PBXFileReference; lastKnownFileType = sourcecode.swift; path = CommandPaletteWindowController.swift; sourceTree = "<group>"; };
		86A9FE31D7CA4FD550DBAD73 /* MenuBarExecutorTests.xctest */ = {isa = PBXFileReference; explicitFileType = wrapper.cfbundle; includeInIndex = 0; path = MenuBarExecutorTests.xctest; sourceTree = BUILT_PRODUCTS_DIR; };
		99973B3BA21E360711036472 /* ConfigLoader.swift */ = {isa = PBXFileReference; lastKnownFileType = sourcecode.swift; path = ConfigLoader.swift; sourceTree = "<group>"; };
		9D936954E3895BD37AB2FE75 /* CommandPaletteView.swift */ = {isa = PBXFileReference; lastKnownFileType = sourcecode.swift; path = CommandPaletteView.swift; sourceTree = "<group>"; };
		9FB859C1EEB745C249C5457E /* Assets.xcassets */ = {isa = PBXFileReference; lastKnownFileType = folder.assetcatalog; path = Assets.xcassets; sourceTree = "<group>"; };
		C2AD11CD9100101B40D6639E /* ExecutionHistory.swift */ = {isa = PBXFileReference; lastKnownFileType = sourcecode.swift; path = ExecutionHistory.swift; sourceTree = "<group>"; };
		CBB51205F4901BA6B86D689A /* NotificationManager.swift */ = {isa = PBXFileReference; lastKnownFileType = sourcecode.swift; path = NotificationManager.swift; sourceTree = "<group>"; };
		CBC6C4FAB6EA65A46AA471A0 /* CommandExecutor.swift */ = {isa = PBXFileReference; lastKnownFileType = sourcecode.swift; path = CommandExecutor.swift; sourceTree = "<group>"; };
		CD347AF29622F9A0B4184103 /* MenuBarExecutor.app */ = {isa = PBXFileReference; explicitFileType = wrapper.application; includeInIndex = 0; path = MenuBarExecutor.app; sourceTree = BUILT_PRODUCTS_DIR; };
		DD2C2235CB8A5EC42862D834 /* Command.swift */ = {isa = PBXFileReference; lastKnownFileType = sourcecode.swift; path = Command.swift; sourceTree = "<group>"; };
		ED99260826BDCB59EAABC110 /* StringExtensions.swift */ = {isa = PBXFileReference; lastKnownFileType = sourcecode.swift; path = StringExtensions.swift; sourceTree = "<group>"; };
		F546DA52F75C953D3F36B768 /* HistoryWindowController.swift */ = {isa = PBXFileReference; lastKnownFileType = sourcecode.swift; path = HistoryWindowController.swift; sourceTree = "<group>"; };
		F8BCC47786F8B40FFC7101D4 /* AppDelegate.swift */ = {isa = PBXFileReference; lastKnownFileType = sourcecode.swift; path = AppDelegate.swift; sourceTree = "<group>"; };
/* End PBXFileReference section */

/* Begin PBXFrameworksBuildPhase section */
		53FEE04AA47974EB6FD41846 /* Frameworks */ = {
			isa = PBXFrameworksBuildPhase;
			buildActionMask = 2147483647;
			files = (
				24723446D3CADA6C75F0B43D /* KeyboardShortcuts in Frameworks */,
			);
			runOnlyForDeploymentPostprocessing = 0;
		};
/* End PBXFrameworksBuildPhase section */

/* Begin PBXGroup section */
		296315AE87B3075C659489A8 /* Resources */ = {
			isa = PBXGroup;
			children = (
				9FB859C1EEB745C249C5457E /* Assets.xcassets */,
			);
			path = Resources;
			sourceTree = "<group>";
		};
		830DE97E0AA91043B385D6DC /* Views */ = {
			isa = PBXGroup;
			children = (
				3EE107B13A523C46A2B7B779 /* CommandEditorView.swift */,
				7D7D61090F4A463C8D90AE55 /* CommandsListView.swift */,
				0ACB75E92D607A4CB1C6BD53 /* HistoryView.swift */,
			);
			path = Views;
			sourceTree = "<group>";
		};
		88A959A78BC9C4102BCA3BA4 /* Tests */ = {
			isa = PBXGroup;
			children = (
				3B0A1B3CD55B63263017DFD5 /* CommandTests.swift */,
				14B1163230FFB666809580CC /* ExecutionRecordTests.swift */,
			);
			path = Tests;
			sourceTree = "<group>";
		};
		9810EB6C6B102A875A8CF03C /* Products */ = {
			isa = PBXGroup;
			children = (
				CD347AF29622F9A0B4184103 /* MenuBarExecutor.app */,
				86A9FE31D7CA4FD550DBAD73 /* MenuBarExecutorTests.xctest */,
			);
			name = Products;
			sourceTree = "<group>";
		};
		9B181D9C45494E4E0400DBBA /* App */ = {
			isa = PBXGroup;
			children = (
				F8BCC47786F8B40FFC7101D4 /* AppDelegate.swift */,
				574EACA6D883D60B0B87F178 /* AppError.swift */,
				6CFABB67A94EF726CFDFCF7F /* AppPaths.swift */,
				6BEF0C2CBF810F2B83BDF275 /* AppSettings.swift */,
				DD2C2235CB8A5EC42862D834 /* Command.swift */,
				CBC6C4FAB6EA65A46AA471A0 /* CommandExecutor.swift */,
				9D936954E3895BD37AB2FE75 /* CommandPaletteView.swift */,
				7D8F92FA63F5937750E9C003 /* CommandPaletteWindowController.swift */,
				1F375BA81AAC5D1C6B2CC03D /* CommandsManager.swift */,
				99973B3BA21E360711036472 /* ConfigLoader.swift */,
				C2AD11CD9100101B40D6639E /* ExecutionHistory.swift */,
				68D4E51EE67D0C67807855CA /* HighlightedText.swift */,
				F546DA52F75C953D3F36B768 /* HistoryWindowController.swift */,
				62F367700CD9756382417EE8 /* InputSourceHelper.swift */,
				376A98A5A89A0ADF45CB6F30 /* MenuBarExecutorApp.swift */,
				CBB51205F4901BA6B86D689A /* NotificationManager.swift */,
				67649DC5E0CED941426BB035 /* SettingsWindowController.swift */,
				ED99260826BDCB59EAABC110 /* StringExtensions.swift */,
				830DE97E0AA91043B385D6DC /* Views */,
			);
			path = App;
			sourceTree = "<group>";
		};
		CE44113BB7230EF3E3D418D3 = {
			isa = PBXGroup;
			children = (
				296315AE87B3075C659489A8 /* Resources */,
				ED4B3AE4A491DE649BC6CA8C /* Sources */,
				88A959A78BC9C4102BCA3BA4 /* Tests */,
				9810EB6C6B102A875A8CF03C /* Products */,
			);
			sourceTree = "<group>";
		};
		ED4B3AE4A491DE649BC6CA8C /* Sources */ = {
			isa = PBXGroup;
			children = (
				9B181D9C45494E4E0400DBBA /* App */,
			);
			path = Sources;
			sourceTree = "<group>";
		};
/* End PBXGroup section */

/* Begin PBXNativeTarget section */
		81A320F252B03D17AE2391E4 /* MenuBarExecutor */ = {
			isa = PBXNativeTarget;
			buildConfigurationList = BB1D6F522CDD2CF53A024347 /* Build configuration list for PBXNativeTarget "MenuBarExecutor" */;
			buildPhases = (
				7118C9CE11951FCAD0FB6472 /* Sources */,
				55ACE596692B747B17498F08 /* Resources */,
				53FEE04AA47974EB6FD41846 /* Frameworks */,
			);
			buildRules = (
			);
			dependencies = (
			);
			name = MenuBarExecutor;
			packageProductDependencies = (
				3B44509A4F11363AFC888068 /* KeyboardShortcuts */,
			);
			productName = MenuBarExecutor;
			productReference = CD347AF29622F9A0B4184103 /* MenuBarExecutor.app */;
			productType = "com.apple.product-type.application";
		};
		C4A0BA66A9754F32DF140D83 /* MenuBarExecutorTests */ = {
			isa = PBXNativeTarget;
			buildConfigurationList = 947DF0EACCCD36764AB18413 /* Build configuration list for PBXNativeTarget "MenuBarExecutorTests" */;
			buildPhases = (
				E968F463930D696C3A61D8A6 /* Sources */,
			);
			buildRules = (
			);
			dependencies = (
				615491747E61D8F3B2D0B14E /* PBXTargetDependency */,
			);
			name = MenuBarExecutorTests;
			packageProductDependencies = (
			);
			productName = MenuBarExecutorTests;
			productReference = 86A9FE31D7CA4FD550DBAD73 /* MenuBarExecutorTests.xctest */;
			productType = "com.apple.product-type.bundle.unit-test";
		};
/* End PBXNativeTarget section */

/* Begin PBXProject section */
		4084B6A8BAC6261E3C703B68 /* Project object */ = {
			isa = PBXProject;
			attributes = {
				BuildIndependentTargetsInParallel = YES;
				LastUpgradeCheck = 1500;
				TargetAttributes = {
					81A320F252B03D17AE2391E4 = {
						ProvisioningStyle = Manual;
					};
					C4A0BA66A9754F32DF140D83 = {
						ProvisioningStyle = Manual;
					};
				};
			};
			buildConfigurationList = D902FEA8C232331B8F30DC0D /* Build configuration list for PBXProject "menu-bar-executor" */;
			developmentRegion = en;
			hasScannedForEncodings = 0;
			knownRegions = (
				Base,
				en,
			);
			mainGroup = CE44113BB7230EF3E3D418D3;
			minimizedProjectReferenceProxies = 1;
			packageReferences = (
				C08598292CFDC186BA9112A7 /* XCRemoteSwiftPackageReference "KeyboardShortcuts" */,
			);
			preferredProjectObjectVersion = 77;
			productRefGroup = 9810EB6C6B102A875A8CF03C /* Products */;
			projectDirPath = "";
			projectRoot = "";
			targets = (
				81A320F252B03D17AE2391E4 /* MenuBarExecutor */,
				C4A0BA66A9754F32DF140D83 /* MenuBarExecutorTests */,
			);
		};
/* End PBXProject section */

/* Begin PBXResourcesBuildPhase section */
		55ACE596692B747B17498F08 /* Resources */ = {
			isa = PBXResourcesBuildPhase;
			buildActionMask = 2147483647;
			files = (
				CD6A6BD24AB0C55D28CD9779 /* Assets.xcassets in Resources */,
			);
			runOnlyForDeploymentPostprocessing = 0;
		};
/* End PBXResourcesBuildPhase section */

/* Begin PBXSourcesBuildPhase section */
		7118C9CE11951FCAD0FB6472 /* Sources */ = {
			isa = PBXSourcesBuildPhase;
			buildActionMask = 2147483647;
			files = (
				C8A01FDEC4ADE8CCC3C28302 /* AppDelegate.swift in Sources */,
				C2ACF1981CEF875D2EC88FD2 /* AppError.swift in Sources */,
				0508AA3AD34B5B7F16FBB910 /* AppPaths.swift in Sources */,
				D469D296671EB4CE39A95B82 /* AppSettings.swift in Sources */,
				B614A36B06485096DBC7DE0B /* Command.swift in Sources */,
				7AF95E66E1C2749EFCBE5551 /* CommandEditorView.swift in Sources */,
				987FBD5785566A83D8B0882F /* CommandExecutor.swift in Sources */,
				4E7960412E10FDE32E7762B3 /* CommandPaletteView.swift in Sources */,
				C2DEC26C4ACFBA909E239F2E /* CommandPaletteWindowController.swift in Sources */,
				4620815E69194E31AF02D7E2 /* CommandsListView.swift in Sources */,
				BF513E193E6B126A875A131F /* CommandsManager.swift in Sources */,
				10047C9EAC3E464410372895 /* ConfigLoader.swift in Sources */,
				C864C0D2A80F7C24295438DC /* ExecutionHistory.swift in Sources */,
				4FA76398E7543DC8C7A378F3 /* HighlightedText.swift in Sources */,
				34242EFEEF319491EA6847FF /* HistoryView.swift in Sources */,
				1834D30127FF381FC28D53DC /* HistoryWindowController.swift in Sources */,
				52C1561C6863C55D7B5328C5 /* InputSourceHelper.swift in Sources */,
				B1FC38E32260E4789659A31D /* MenuBarExecutorApp.swift in Sources */,
				D8B8CDDCF471BD4691C5B774 /* NotificationManager.swift in Sources */,
				3D939FF72F75C956D43DEE07 /* SettingsWindowController.swift in Sources */,
				F08E0469B2C6301EEBB84F9B /* StringExtensions.swift in Sources */,
			);
			runOnlyForDeploymentPostprocessing = 0;
		};
		E968F463930D696C3A61D8A6 /* Sources */ = {
			isa = PBXSourcesBuildPhase;
			buildActionMask = 2147483647;
			files = (
				81EA2202F22F926C4EB31B25 /* CommandTests.swift in Sources */,
				1A9796A4DF21921B067A5A3B /* ExecutionRecordTests.swift in Sources */,
			);
			runOnlyForDeploymentPostprocessing = 0;
		};
/* End PBXSourcesBuildPhase section */

/* Begin PBXTargetDependency section */
		615491747E61D8F3B2D0B14E /* PBXTargetDependency */ = {
			isa = PBXTargetDependency;
			target = 81A320F252B03D17AE2391E4 /* MenuBarExecutor */;
			targetProxy = 5BB99D6B73760EE93B33D37E /* PBXContainerItemProxy */;
		};
/* End PBXTargetDependency section */

/* Begin XCBuildConfiguration section */
		087B8B1D37059BE3D4359E49 /* Debug */ = {
			isa = XCBuildConfiguration;
			buildSettings = {
				BUNDLE_LOADER = "$(TEST_HOST)";
				CODE_SIGN_IDENTITY = "-";
				CODE_SIGN_STYLE = Manual;
				COMBINE_HIDPI_IMAGES = YES;
				GENERATE_INFOPLIST_FILE = YES;
				LD_RUNPATH_SEARCH_PATHS = (
					"$(inherited)",
					"@executable_path/../Frameworks",
					"@loader_path/../Frameworks",
				);
				PRODUCT_BUNDLE_IDENTIFIER = "com.cai.menu-bar-executor.tests";
				SDKROOT = macosx;
				TEST_HOST = "$(BUILT_PRODUCTS_DIR)/MenuBarExecutor.app/Contents/MacOS/MenuBarExecutor";
			};
			name = Debug;
		};
		32CDCC8E26089D1D5CD73492 /* Debug */ = {
			isa = XCBuildConfiguration;
			buildSettings = {
				ALWAYS_SEARCH_USER_PATHS = NO;
				CLANG_ANALYZER_NONNULL = YES;
				CLANG_ANALYZER_NUMBER_OBJECT_CONVERSION = YES_AGGRESSIVE;
				CLANG_CXX_LANGUAGE_STANDARD = "gnu++14";
				CLANG_CXX_LIBRARY = "libc++";
				CLANG_ENABLE_MODULES = YES;
				CLANG_ENABLE_OBJC_ARC = YES;
				CLANG_ENABLE_OBJC_WEAK = YES;
				CLANG_WARN_BLOCK_CAPTURE_AUTORELEASING = YES;
				CLANG_WARN_BOOL_CONVERSION = YES;
				CLANG_WARN_COMMA = YES;
				CLANG_WARN_CONSTANT_CONVERSION = YES;
				CLANG_WARN_DEPRECATED_OBJC_IMPLEMENTATIONS = YES;
				CLANG_WARN_DIRECT_OBJC_ISA_USAGE = YES_ERROR;
				CLANG_WARN_DOCUMENTATION_COMMENTS = YES;
				CLANG_WARN_EMPTY_BODY = YES;
				CLANG_WARN_ENUM_CONVERSION = YES;
				CLANG_WARN_INFINITE_RECURSION = YES;
				CLANG_WARN_INT_CONVERSION = YES;
				CLANG_WARN_NON_LITERAL_NULL_CONVERSION = YES;
				CLANG_WARN_OBJC_IMPLICIT_RETAIN_SELF = YES;
				CLANG_WARN_OBJC_LITERAL_CONVERSION = YES;
				CLANG_WARN_OBJC_ROOT_CLASS = YES_ERROR;
				CLANG_WARN_QUOTED_INCLUDE_IN_FRAMEWORK_HEADER = YES;
				CLANG_WARN_RANGE_LOOP_ANALYSIS = YES;
				CLANG_WARN_STRICT_PROTOTYPES = YES;
				CLANG_WARN_SUSPICIOUS_MOVE = YES;
				CLANG_WARN_UNGUARDED_AVAILABILITY = YES_AGGRESSIVE;
				CLANG_WARN_UNREACHABLE_CODE = YES;
				CLANG_WARN__DUPLICATE_METHOD_MATCH = YES;
				COPY_PHASE_STRIP = NO;
				DEBUG_INFORMATION_FORMAT = dwarf;
				ENABLE_STRICT_OBJC_MSGSEND = YES;
				ENABLE_TESTABILITY = YES;
				GCC_C_LANGUAGE_STANDARD = gnu11;
				GCC_DYNAMIC_NO_PIC = NO;
				GCC_NO_COMMON_BLOCKS = YES;
				GCC_OPTIMIZATION_LEVEL = 0;
				GCC_PREPROCESSOR_DEFINITIONS = (
					"$(inherited)",
					"DEBUG=1",
				);
				GCC_WARN_64_TO_32_BIT_CONVERSION = YES;
				GCC_WARN_ABOUT_RETURN_TYPE = YES_ERROR;
				GCC_WARN_UNDECLARED_SELECTOR = YES;
				GCC_WARN_UNINITIALIZED_AUTOS = YES_AGGRESSIVE;
				GCC_WARN_UNUSED_FUNCTION = YES;
				GCC_WARN_UNUSED_VARIABLE = YES;
				MACOSX_DEPLOYMENT_TARGET = 12.0;
				MTL_ENABLE_DEBUG_INFO = INCLUDE_SOURCE;
				MTL_FAST_MATH = YES;
				ONLY_ACTIVE_ARCH = YES;
				PRODUCT_NAME = "$(TARGET_NAME)";
				SDKROOT = macosx;
				SWIFT_ACTIVE_COMPILATION_CONDITIONS = DEBUG;
				SWIFT_OPTIMIZATION_LEVEL = "-Onone";
				SWIFT_VERSION = 5.9;
			};
			name = Debug;
		};
		3BF359C04A49318F901AD3DD /* Release */ = {
			isa = XCBuildConfiguration;
			buildSettings = {
				ALWAYS_SEARCH_USER_PATHS = NO;
				CLANG_ANALYZER_NONNULL = YES;
				CLANG_ANALYZER_NUMBER_OBJECT_CONVERSION = YES_AGGRESSIVE;
				CLANG_CXX_LANGUAGE_STANDARD = "gnu++14";
				CLANG_CXX_LIBRARY = "libc++";
				CLANG_ENABLE_MODULES = YES;
				CLANG_ENABLE_OBJC_ARC = YES;
				CLANG_ENABLE_OBJC_WEAK = YES;
				CLANG_WARN_BLOCK_CAPTURE_AUTORELEASING = YES;
				CLANG_WARN_BOOL_CONVERSION = YES;
				CLANG_WARN_COMMA = YES;
				CLANG_WARN_CONSTANT_CONVERSION = YES;
				CLANG_WARN_DEPRECATED_OBJC_IMPLEMENTATIONS = YES;
				CLANG_WARN_DIRECT_OBJC_ISA_USAGE = YES_ERROR;
				CLANG_WARN_DOCUMENTATION_COMMENTS = YES;
				CLANG_WARN_EMPTY_BODY = YES;
				CLANG_WARN_ENUM_CONVERSION = YES;
				CLANG_WARN_INFINITE_RECURSION = YES;
				CLANG_WARN_INT_CONVERSION = YES;
				CLANG_WARN_NON_LITERAL_NULL_CONVERSION = YES;
				CLANG_WARN_OBJC_IMPLICIT_RETAIN_SELF = YES;
				CLANG_WARN_OBJC_LITERAL_CONVERSION = YES;
				CLANG_WARN_OBJC_ROOT_CLASS = YES_ERROR;
				CLANG_WARN_QUOTED_INCLUDE_IN_FRAMEWORK_HEADER = YES;
				CLANG_WARN_RANGE_LOOP_ANALYSIS = YES;
				CLANG_WARN_STRICT_PROTOTYPES = YES;
				CLANG_WARN_SUSPICIOUS_MOVE = YES;
				CLANG_WARN_UNGUARDED_AVAILABILITY = YES_AGGRESSIVE;
				CLANG_WARN_UNREACHABLE_CODE = YES;
				CLANG_WARN__DUPLICATE_METHOD_MATCH = YES;
				COPY_PHASE_STRIP = NO;
				DEBUG_INFORMATION_FORMAT = "dwarf-with-dsym";
				ENABLE_NS_ASSERTIONS = NO;
				ENABLE_STRICT_OBJC_MSGSEND = YES;
				GCC_C_LANGUAGE_STANDARD = gnu11;
				GCC_NO_COMMON_BLOCKS = YES;
				GCC_WARN_64_TO_32_BIT_CONVERSION = YES;
				GCC_WARN_ABOUT_RETURN_TYPE = YES_ERROR;
				GCC_WARN_UNDECLARED_SELECTOR = YES;
				GCC_WARN_UNINITIALIZED_AUTOS = YES_AGGRESSIVE;
				GCC_WARN_UNUSED_FUNCTION = YES;
				GCC_WARN_UNUSED_VARIABLE = YES;
				MACOSX_DEPLOYMENT_TARGET = 12.0;
				MTL_ENABLE_DEBUG_INFO = NO;
				MTL_FAST_MATH = YES;
				PRODUCT_NAME = "$(TARGET_NAME)";
				SDKROOT = macosx;
				SWIFT_COMPILATION_MODE = wholemodule;
				SWIFT_OPTIMIZATION_LEVEL = "-O";
				SWIFT_VERSION = 5.9;
			};
			name = Release;
		};
		B4F5E053AC99F44B9B80BFCB /* Release */ = {
			isa = XCBuildConfiguration;
			buildSettings = {
				ASSETCATALOG_COMPILER_APPICON_NAME = AppIcon;
				CODE_SIGN_IDENTITY = "-";
				CODE_SIGN_STYLE = Manual;
				COMBINE_HIDPI_IMAGES = YES;
				ENABLE_HARDENED_RUNTIME = NO;
				INFOPLIST_FILE = Resources/Info.plist;
				LD_RUNPATH_SEARCH_PATHS = (
					"$(inherited)",
					"@executable_path/../Frameworks",
				);
				PRODUCT_BUNDLE_IDENTIFIER = "com.cai.menu-bar-executor";
				PRODUCT_NAME = MenuBarExecutor;
				SDKROOT = macosx;
			};
			name = Release;
		};
		BB26D0FBEE3B4AAE020E2E55 /* Debug */ = {
			isa = XCBuildConfiguration;
			buildSettings = {
				ASSETCATALOG_COMPILER_APPICON_NAME = AppIcon;
				CODE_SIGN_IDENTITY = "-";
				CODE_SIGN_STYLE = Manual;
				COMBINE_HIDPI_IMAGES = YES;
				ENABLE_HARDENED_RUNTIME = NO;
				INFOPLIST_FILE = Resources/Info.plist;
				LD_RUNPATH_SEARCH_PATHS = (
					"$(inherited)",
					"@executable_path/../Frameworks",
				);
				PRODUCT_BUNDLE_IDENTIFIER = "com.cai.menu-bar-executor";
				PRODUCT_NAME = MenuBarExecutor;
				SDKROOT = macosx;
			};
			name = Debug;
		};
		EA5F633115642F0006DFECAE /* Release */ = {
			isa = XCBuildConfiguration;
			buildSettings = {
				BUNDLE_LOADER = "$(TEST_HOST)";
				CODE_SIGN_IDENTITY = "-";
				CODE_SIGN_STYLE = Manual;
				COMBINE_HIDPI_IMAGES = YES;
				GENERATE_INFOPLIST_FILE = YES;
				LD_RUNPATH_SEARCH_PATHS = (
					"$(inherited)",
					"@executable_path/../Frameworks",
					"@loader_path/../Frameworks",
				);
				PRODUCT_BUNDLE_IDENTIFIER = "com.cai.menu-bar-executor.tests";
				SDKROOT = macosx;
				TEST_HOST = "$(BUILT_PRODUCTS_DIR)/MenuBarExecutor.app/Contents/MacOS/MenuBarExecutor";
			};
			name = Release;
		};
/* End XCBuildConfiguration section */

/* Begin XCConfigurationList section */
		947DF0EACCCD36764AB18413 /* Build configuration list for PBXNativeTarget "MenuBarExecutorTests" */ = {
			isa = XCConfigurationList;
			buildConfigurations = (
				087B8B1D37059BE3D4359E49 /* Debug */,
				EA5F633115642F0006DFECAE /* Release */,
			);
			defaultConfigurationIsVisible = 0;
			defaultConfigurationName = Debug;
		};
		BB1D6F522CDD2CF53A024347 /* Build configuration list for PBXNativeTarget "MenuBarExecutor" */ = {
			isa = XCConfigurationList;
			buildConfigurations = (
				BB26D0FBEE3B4AAE020E2E55 /* Debug */,
				B4F5E053AC99F44B9B80BFCB /* Release */,
			);
			defaultConfigurationIsVisible = 0;
			defaultConfigurationName = Debug;
		};
		D902FEA8C232331B8F30DC0D /* Build configuration list for PBXProject "menu-bar-executor" */ = {
			isa = XCConfigurationList;
			buildConfigurations = (
				32CDCC8E26089D1D5CD73492 /* Debug */,
				3BF359C04A49318F901AD3DD /* Release */,
			);
			defaultConfigurationIsVisible = 0;
			defaultConfigurationName = Debug;
		};
/* End XCConfigurationList section */

/* Begin XCRemoteSwiftPackageReference section */
		C08598292CFDC186BA9112A7 /* XCRemoteSwiftPackageReference "KeyboardShortcuts" */ = {
			isa = XCRemoteSwiftPackageReference;
			repositoryURL = "https://github.com/sindresorhus/KeyboardShortcuts";
			requirement = {
				kind = upToNextMajorVersion;
				minimumVersion = 2.0.0;
			};
		};
/* End XCRemoteSwiftPackageReference section */

/* Begin XCSwiftPackageProductDependency section */
		3B44509A4F11363AFC888068 /* KeyboardShortcuts */ = {
			isa = XCSwiftPackageProductDependency;
			package = C08598292CFDC186BA9112A7 /* XCRemoteSwiftPackageReference "KeyboardShortcuts" */;
			productName = KeyboardShortcuts;
		};
/* End XCSwiftPackageProductDependency section */
	};
	rootObject = 4084B6A8BAC6261E3C703B68 /* Project object */;
}
