// !$*UTF8*$!
{
	archiveVersion = 1;
	classes = {
	};
	objectVersion = 77;
	objects = {

/* Begin PBXBuildFile section */
		1E7E641B97BB2539E49472F4 /* CommandsManager.swift in Sources */ = {isa = PBXBuildFile; fileRef = 7D46BB0AB535BEF09C005AB2 /* CommandsManager.swift */; };
		2BC17C2141E4C6B4566ECDA0 /* SettingsWindowController.swift in Sources */ = {isa = PBXBuildFile; fileRef = 10A790C812506D60E727B25D /* SettingsWindowController.swift */; };
		A6CAAC6ACEFBBCF4A5D650CF /* CommandEditorView.swift in Sources */ = {isa = PBXBuildFile; fileRef = B5968A3390291B7E08CC20FF /* CommandEditorView.swift */; };
		ACC4EF8B60FF55B58C817617 /* menu_bar_exectorApp.swift in Sources */ = {isa = PBXBuildFile; fileRef = F16F15C206C0ABA01439E7A5 /* menu_bar_exectorApp.swift */; };
		B98E58280DB12065861C5A24 /* AppDelegate.swift in Sources */ = {isa = PBXBuildFile; fileRef = 416C63BFCB36C4538CCE81DA /* AppDelegate.swift */; };
		D5BE6607595B234A92E408C0 /* Command.swift in Sources */ = {isa = PBXBuildFile; fileRef = 1B1155004A4C5664C449A8C5 /* Command.swift */; };
		E4E45420699EC818F03D6D79 /* NotificationManager.swift in Sources */ = {isa = PBXBuildFile; fileRef = F31EFF2B8F876255EE878047 /* NotificationManager.swift */; };
		E8321A577E589047E5543819 /* StatusBarView.swift in Sources */ = {isa = PBXBuildFile; fileRef = 21C9B00E43880E45C200A8C5 /* StatusBarView.swift */; };
		EC2542127DE2BD97DA242A72 /* ConfigLoader.swift in Sources */ = {isa = PBXBuildFile; fileRef = D2E49D781341E35E891841EC /* ConfigLoader.swift */; };
		F04511A8F3979030E5ED06DF /* CommandsListView.swift in Sources */ = {isa = PBXBuildFile; fileRef = 1590161106185F5B42D0DF85 /* CommandsListView.swift */; };
		FF846B290D510456110E8376 /* CommandExecutor.swift in Sources */ = {isa = PBXBuildFile; fileRef = CA63FF08EAB68CF30815F07D /* CommandExecutor.swift */; };
/* End PBXBuildFile section */

/* Begin PBXFileReference section */
		03DF24DE356071645C63AB91 /* menu-bar-exector.app */ = {isa = PBXFileReference; explicitFileType = wrapper.application; includeInIndex = 0; path = "menu-bar-exector.app"; sourceTree = BUILT_PRODUCTS_DIR; };
		10A790C812506D60E727B25D /* SettingsWindowController.swift */ = {isa = PBXFileReference; lastKnownFileType = sourcecode.swift; path = SettingsWindowController.swift; sourceTree = "<group>"; };
		1590161106185F5B42D0DF85 /* CommandsListView.swift */ = {isa = PBXFileReference; lastKnownFileType = sourcecode.swift; path = CommandsListView.swift; sourceTree = "<group>"; };
		1B1155004A4C5664C449A8C5 /* Command.swift */ = {isa = PBXFileReference; lastKnownFileType = sourcecode.swift; path = Command.swift; sourceTree = "<group>"; };
		21C9B00E43880E45C200A8C5 /* StatusBarView.swift */ = {isa = PBXFileReference; lastKnownFileType = sourcecode.swift; path = StatusBarView.swift; sourceTree = "<group>"; };
		416C63BFCB36C4538CCE81DA /* AppDelegate.swift */ = {isa = PBXFileReference; lastKnownFileType = sourcecode.swift; path = AppDelegate.swift; sourceTree = "<group>"; };
		7D46BB0AB535BEF09C005AB2 /* CommandsManager.swift */ = {isa = PBXFileReference; lastKnownFileType = sourcecode.swift; path = CommandsManager.swift; sourceTree = "<group>"; };
		B5968A3390291B7E08CC20FF /* CommandEditorView.swift */ = {isa = PBXFileReference; lastKnownFileType = sourcecode.swift; path = CommandEditorView.swift; sourceTree = "<group>"; };
		CA63FF08EAB68CF30815F07D /* CommandExecutor.swift */ = {isa = PBXFileReference; lastKnownFileType = sourcecode.swift; path = CommandExecutor.swift; sourceTree = "<group>"; };
		D2E49D781341E35E891841EC /* ConfigLoader.swift */ = {isa = PBXFileReference; lastKnownFileType = sourcecode.swift; path = ConfigLoader.swift; sourceTree = "<group>"; };
		F16F15C206C0ABA01439E7A5 /* menu_bar_exectorApp.swift */ = {isa = PBXFileReference; lastKnownFileType = sourcecode.swift; path = menu_bar_exectorApp.swift; sourceTree = "<group>"; };
		F31EFF2B8F876255EE878047 /* NotificationManager.swift */ = {isa = PBXFileReference; lastKnownFileType = sourcecode.swift; path = NotificationManager.swift; sourceTree = "<group>"; };
/* End PBXFileReference section */

/* Begin PBXGroup section */
		487566266374BF1671B256F0 = {
			isa = PBXGroup;
			children = (
				5CB91AE076F9AEEC78F9264F /* Sources */,
				7E86086BC15DA8EB6CE24267 /* Products */,
			);
			sourceTree = "<group>";
		};
		5CB91AE076F9AEEC78F9264F /* Sources */ = {
			isa = PBXGroup;
			children = (
				A86CE418D6D812CEBD469FC1 /* App */,
			);
			path = Sources;
			sourceTree = "<group>";
		};
		78258A5D70C3FC0F19221845 /* Views */ = {
			isa = PBXGroup;
			children = (
				B5968A3390291B7E08CC20FF /* CommandEditorView.swift */,
				1590161106185F5B42D0DF85 /* CommandsListView.swift */,
			);
			path = Views;
			sourceTree = "<group>";
		};
		7E86086BC15DA8EB6CE24267 /* Products */ = {
			isa = PBXGroup;
			children = (
				03DF24DE356071645C63AB91 /* menu-bar-exector.app */,
			);
			name = Products;
			sourceTree = "<group>";
		};
		A86CE418D6D812CEBD469FC1 /* App */ = {
			isa = PBXGroup;
			children = (
				416C63BFCB36C4538CCE81DA /* AppDelegate.swift */,
				1B1155004A4C5664C449A8C5 /* Command.swift */,
				CA63FF08EAB68CF30815F07D /* CommandExecutor.swift */,
				7D46BB0AB535BEF09C005AB2 /* CommandsManager.swift */,
				D2E49D781341E35E891841EC /* ConfigLoader.swift */,
				F16F15C206C0ABA01439E7A5 /* menu_bar_exectorApp.swift */,
				F31EFF2B8F876255EE878047 /* NotificationManager.swift */,
				10A790C812506D60E727B25D /* SettingsWindowController.swift */,
				21C9B00E43880E45C200A8C5 /* StatusBarView.swift */,
				78258A5D70C3FC0F19221845 /* Views */,
			);
			path = App;
			sourceTree = "<group>";
		};
/* End PBXGroup section */

/* Begin PBXNativeTarget section */
		B6E77563D28C662C203EC004 /* menu-bar-exector */ = {
			isa = PBXNativeTarget;
			buildConfigurationList = E224032FFD653CC77537FD83 /* Build configuration list for PBXNativeTarget "menu-bar-exector" */;
			buildPhases = (
				BE5B8B87A9731E1A248B59D3 /* Sources */,
			);
			buildRules = (
			);
			dependencies = (
			);
			name = "menu-bar-exector";
			packageProductDependencies = (
			);
			productName = "menu-bar-exector";
			productReference = 03DF24DE356071645C63AB91 /* menu-bar-exector.app */;
			productType = "com.apple.product-type.application";
		};
/* End PBXNativeTarget section */

/* Begin PBXProject section */
		A238D6B3CAB9D7639E93FBB8 /* Project object */ = {
			isa = PBXProject;
			attributes = {
				BuildIndependentTargetsInParallel = YES;
				LastUpgradeCheck = 1500;
				TargetAttributes = {
					B6E77563D28C662C203EC004 = {
						ProvisioningStyle = Manual;
					};
				};
			};
			buildConfigurationList = FFC2E11E48BE307F4C9B38DF /* Build configuration list for PBXProject "menu-bar-exector" */;
			compatibilityVersion = "Xcode 14.0";
			developmentRegion = en;
			hasScannedForEncodings = 0;
			knownRegions = (
				Base,
				en,
			);
			mainGroup = 487566266374BF1671B256F0;
			minimizedProjectReferenceProxies = 1;
			preferredProjectObjectVersion = 77;
			projectDirPath = "";
			projectRoot = "";
			targets = (
				B6E77563D28C662C203EC004 /* menu-bar-exector */,
			);
		};
/* End PBXProject section */

/* Begin PBXSourcesBuildPhase section */
		BE5B8B87A9731E1A248B59D3 /* Sources */ = {
			isa = PBXSourcesBuildPhase;
			buildActionMask = 2147483647;
			files = (
				B98E58280DB12065861C5A24 /* AppDelegate.swift in Sources */,
				D5BE6607595B234A92E408C0 /* Command.swift in Sources */,
				A6CAAC6ACEFBBCF4A5D650CF /* CommandEditorView.swift in Sources */,
				FF846B290D510456110E8376 /* CommandExecutor.swift in Sources */,
				F04511A8F3979030E5ED06DF /* CommandsListView.swift in Sources */,
				1E7E641B97BB2539E49472F4 /* CommandsManager.swift in Sources */,
				EC2542127DE2BD97DA242A72 /* ConfigLoader.swift in Sources */,
				E4E45420699EC818F03D6D79 /* NotificationManager.swift in Sources */,
				2BC17C2141E4C6B4566ECDA0 /* SettingsWindowController.swift in Sources */,
				E8321A577E589047E5543819 /* StatusBarView.swift in Sources */,
				ACC4EF8B60FF55B58C817617 /* menu_bar_exectorApp.swift in Sources */,
			);
			runOnlyForDeploymentPostprocessing = 0;
		};
/* End PBXSourcesBuildPhase section */

/* Begin XCBuildConfiguration section */
		109118436EE19D8C24860AAE /* Release */ = {
			isa = XCBuildConfiguration;
			buildSettings = {
				ALWAYS_SEARCH_USER_PATHS = NO;
				CLANG_ANALYZER_NONNULL = YES;
				CLANG_ANALYZER_NUMBER_OBJECT_CONVERSION = YES_AGGRESSIVE;
				CLANG_CXX_LANGUAGE_STANDARD = "gnu++14";
				CLANG_CXX_LIBRARY = "libc++";
				CLANG_ENABLE_MODULES = YES;
				CLANG_ENABLE_OBJC_ARC = YES;
				CLANG_ENABLE_OBJC_WEAK = YES;
				CLANG_WARN_BLOCK_CAPTURE_AUTORELEASING = YES;
				CLANG_WARN_BOOL_CONVERSION = YES;
				CLANG_WARN_COMMA = YES;
				CLANG_WARN_CONSTANT_CONVERSION = YES;
				CLANG_WARN_DEPRECATED_OBJC_IMPLEMENTATIONS = YES;
				CLANG_WARN_DIRECT_OBJC_ISA_USAGE = YES_ERROR;
				CLANG_WARN_DOCUMENTATION_COMMENTS = YES;
				CLANG_WARN_EMPTY_BODY = YES;
				CLANG_WARN_ENUM_CONVERSION = YES;
				CLANG_WARN_INFINITE_RECURSION = YES;
				CLANG_WARN_INT_CONVERSION = YES;
				CLANG_WARN_NON_LITERAL_NULL_CONVERSION = YES;
				CLANG_WARN_OBJC_IMPLICIT_RETAIN_SELF = YES;
				CLANG_WARN_OBJC_LITERAL_CONVERSION = YES;
				CLANG_WARN_OBJC_ROOT_CLASS = YES_ERROR;
				CLANG_WARN_QUOTED_INCLUDE_IN_FRAMEWORK_HEADER = YES;
				CLANG_WARN_RANGE_LOOP_ANALYSIS = YES;
				CLANG_WARN_STRICT_PROTOTYPES = YES;
				CLANG_WARN_SUSPICIOUS_MOVE = YES;
				CLANG_WARN_UNGUARDED_AVAILABILITY = YES_AGGRESSIVE;
				CLANG_WARN_UNREACHABLE_CODE = YES;
				CLANG_WARN__DUPLICATE_METHOD_MATCH = YES;
				COPY_PHASE_STRIP = NO;
				DEBUG_INFORMATION_FORMAT = "dwarf-with-dsym";
				ENABLE_NS_ASSERTIONS = NO;
				ENABLE_STRICT_OBJC_MSGSEND = YES;
				GCC_C_LANGUAGE_STANDARD = gnu11;
				GCC_NO_COMMON_BLOCKS = YES;
				GCC_WARN_64_TO_32_BIT_CONVERSION = YES;
				GCC_WARN_ABOUT_RETURN_TYPE = YES_ERROR;
				GCC_WARN_UNDECLARED_SELECTOR = YES;
				GCC_WARN_UNINITIALIZED_AUTOS = YES_AGGRESSIVE;
				GCC_WARN_UNUSED_FUNCTION = YES;
				GCC_WARN_UNUSED_VARIABLE = YES;
				MACOSX_DEPLOYMENT_TARGET = 12.0;
				MTL_ENABLE_DEBUG_INFO = NO;
				MTL_FAST_MATH = YES;
				PRODUCT_NAME = "$(TARGET_NAME)";
				SDKROOT = macosx;
				SWIFT_COMPILATION_MODE = wholemodule;
				SWIFT_OPTIMIZATION_LEVEL = "-O";
				SWIFT_VERSION = 5.9;
			};
			name = Release;
		};
		6547BDAB2564FC2F45A28925 /* Release */ = {
			isa = XCBuildConfiguration;
			buildSettings = {
				ASSETCATALOG_COMPILER_APPICON_NAME = AppIcon;
				CODE_SIGN_IDENTITY = "-";
				CODE_SIGN_STYLE = Manual;
				COMBINE_HIDPI_IMAGES = YES;
				ENABLE_HARDENED_RUNTIME = NO;
				INFOPLIST_FILE = Resources/Info.plist;
				LD_RUNPATH_SEARCH_PATHS = (
					"$(inherited)",
					"@executable_path/../Frameworks",
				);
				PRODUCT_BUNDLE_IDENTIFIER = "com.cai.menu-bar-exector";
				SDKROOT = macosx;
			};
			name = Release;
		};
		9BDC2B724CCB146E158805F0 /* Debug */ = {
			isa = XCBuildConfiguration;
			buildSettings = {
				ASSETCATALOG_COMPILER_APPICON_NAME = AppIcon;
				CODE_SIGN_IDENTITY = "-";
				CODE_SIGN_STYLE = Manual;
				COMBINE_HIDPI_IMAGES = YES;
				ENABLE_HARDENED_RUNTIME = NO;
				INFOPLIST_FILE = Resources/Info.plist;
				LD_RUNPATH_SEARCH_PATHS = (
					"$(inherited)",
					"@executable_path/../Frameworks",
				);
				PRODUCT_BUNDLE_IDENTIFIER = "com.cai.menu-bar-exector";
				SDKROOT = macosx;
			};
			name = Debug;
		};
		C0DF819B27AD01A8652D61E0 /* Debug */ = {
			isa = XCBuildConfiguration;
			buildSettings = {
				ALWAYS_SEARCH_USER_PATHS = NO;
				CLANG_ANALYZER_NONNULL = YES;
				CLANG_ANALYZER_NUMBER_OBJECT_CONVERSION = YES_AGGRESSIVE;
				CLANG_CXX_LANGUAGE_STANDARD = "gnu++14";
				CLANG_CXX_LIBRARY = "libc++";
				CLANG_ENABLE_MODULES = YES;
				CLANG_ENABLE_OBJC_ARC = YES;
				CLANG_ENABLE_OBJC_WEAK = YES;
				CLANG_WARN_BLOCK_CAPTURE_AUTORELEASING = YES;
				CLANG_WARN_BOOL_CONVERSION = YES;
				CLANG_WARN_COMMA = YES;
				CLANG_WARN_CONSTANT_CONVERSION = YES;
				CLANG_WARN_DEPRECATED_OBJC_IMPLEMENTATIONS = YES;
				CLANG_WARN_DIRECT_OBJC_ISA_USAGE = YES_ERROR;
				CLANG_WARN_DOCUMENTATION_COMMENTS = YES;
				CLANG_WARN_EMPTY_BODY = YES;
				CLANG_WARN_ENUM_CONVERSION = YES;
				CLANG_WARN_INFINITE_RECURSION = YES;
				CLANG_WARN_INT_CONVERSION = YES;
				CLANG_WARN_NON_LITERAL_NULL_CONVERSION = YES;
				CLANG_WARN_OBJC_IMPLICIT_RETAIN_SELF = YES;
				CLANG_WARN_OBJC_LITERAL_CONVERSION = YES;
				CLANG_WARN_OBJC_ROOT_CLASS = YES_ERROR;
				CLANG_WARN_QUOTED_INCLUDE_IN_FRAMEWORK_HEADER = YES;
				CLANG_WARN_RANGE_LOOP_ANALYSIS = YES;
				CLANG_WARN_STRICT_PROTOTYPES = YES;
				CLANG_WARN_SUSPICIOUS_MOVE = YES;
				CLANG_WARN_UNGUARDED_AVAILABILITY = YES_AGGRESSIVE;
				CLANG_WARN_UNREACHABLE_CODE = YES;
				CLANG_WARN__DUPLICATE_METHOD_MATCH = YES;
				COPY_PHASE_STRIP = NO;
				DEBUG_INFORMATION_FORMAT = dwarf;
				ENABLE_STRICT_OBJC_MSGSEND = YES;
				ENABLE_TESTABILITY = YES;
				GCC_C_LANGUAGE_STANDARD = gnu11;
				GCC_DYNAMIC_NO_PIC = NO;
				GCC_NO_COMMON_BLOCKS = YES;
				GCC_OPTIMIZATION_LEVEL = 0;
				GCC_PREPROCESSOR_DEFINITIONS = (
					"$(inherited)",
					"DEBUG=1",
				);
				GCC_WARN_64_TO_32_BIT_CONVERSION = YES;
				GCC_WARN_ABOUT_RETURN_TYPE = YES_ERROR;
				GCC_WARN_UNDECLARED_SELECTOR = YES;
				GCC_WARN_UNINITIALIZED_AUTOS = YES_AGGRESSIVE;
				GCC_WARN_UNUSED_FUNCTION = YES;
				GCC_WARN_UNUSED_VARIABLE = YES;
				MACOSX_DEPLOYMENT_TARGET = 12.0;
				MTL_ENABLE_DEBUG_INFO = INCLUDE_SOURCE;
				MTL_FAST_MATH = YES;
				ONLY_ACTIVE_ARCH = YES;
				PRODUCT_NAME = "$(TARGET_NAME)";
				SDKROOT = macosx;
				SWIFT_ACTIVE_COMPILATION_CONDITIONS = DEBUG;
				SWIFT_OPTIMIZATION_LEVEL = "-Onone";
				SWIFT_VERSION = 5.9;
			};
			name = Debug;
		};
/* End XCBuildConfiguration section */

/* Begin XCConfigurationList section */
		E224032FFD653CC77537FD83 /* Build configuration list for PBXNativeTarget "menu-bar-exector" */ = {
			isa = XCConfigurationList;
			buildConfigurations = (
				9BDC2B724CCB146E158805F0 /* Debug */,
				6547BDAB2564FC2F45A28925 /* Release */,
			);
			defaultConfigurationIsVisible = 0;
			defaultConfigurationName = Debug;
		};
		FFC2E11E48BE307F4C9B38DF /* Build configuration list for PBXProject "menu-bar-exector" */ = {
			isa = XCConfigurationList;
			buildConfigurations = (
				C0DF819B27AD01A8652D61E0 /* Debug */,
				109118436EE19D8C24860AAE /* Release */,
			);
			defaultConfigurationIsVisible = 0;
			defaultConfigurationName = Debug;
		};
/* End XCConfigurationList section */
	};
	rootObject = A238D6B3CAB9D7639E93FBB8 /* Project object */;
}
